
Microsoft Visual Studio Solution File, Format Version 12.00
# Visual Studio Version 17
VisualStudioVersion = 17.7.34202.233
MinimumVisualStudioVersion = 10.0.40219.1
Project("{888888A0-9F3D-457C-B088-3A5042F75D52}") = "Matematicas Av", "Matematicas Av\Matematicas Av.pyproj", "{65DE78D1-5E62-48E6-97DD-95D26F660E09}"
EndProject
Global
	GlobalSection(SolutionConfigurationPlatforms) = preSolution
		Debug|Any CPU = Debug|Any CPU
		Release|Any CPU = Release|Any CPU
	EndGlobalSection
	GlobalSection(ProjectConfigurationPlatforms) = postSolution
		{65DE78D1-5E62-48E6-97DD-95D26F660E09}.Debug|Any CPU.ActiveCfg = Debug|Any CPU
		{65DE78D1-5E62-48E6-97DD-95D26F660E09}.Release|Any CPU.ActiveCfg = Release|Any CPU
	EndGlobalSection
	GlobalSection(SolutionProperties) = preSolution
		HideSolutionNode = FALSE
	EndGlobalSection
	GlobalSection(ExtensibilityGlobals) = postSolution
		SolutionGuid = {C7A361CA-4CA7-443A-A82C-6FBD247D48EC}
	EndGlobalSection
EndGlobal
